github.com/antlr/antlr4 v0.0.0-20200119161855-7a3f40bc341d h1:YyyukUZiej+hTJINHjowi57xLQE9SN2KOJ7kYMKhr7I=
github.com/antlr/antlr4 v0.0.0-20200119161855-7a3f40bc341d/go.mod h1:T7PbCXFs94rrTttyxjbyT5+/1V8T2TYDejxUfHJjw1Y=
github.com/antlr/antlr4/runtime/Go/antlr v0.0.0-20210521073959-f0d4d129b7f1 h1:zFRi26YWd7NIorBXe8UkevRl0dIvk/AnXHWaAiZG+Yk=
github.com/antlr/antlr4/runtime/Go/antlr v0.0.0-20210521073959-f0d4d129b7f1/go.mod h1:F7bn7fEU90QkQ3tnmaTx3LTKLEDqnwWODIYppRQ5hnY=
github.com/rakyll/statik v0.1.7 h1:OF3QCZUuyPxuGEP7B4ypUa7sB/iHtqOTDYZXGM8KOdQ=
github.com/rakyll/statik v0.1.7/go.mod h1:AlZONWzMtEnMs7W4e/1LURLiI49pIMmp6V9Unghqrcc=
